
Microsoft Visual Studio Solution File, Format Version 12.00
# Visual Studio Version 17
VisualStudioVersion = 17.6.33815.320
MinimumVisualStudioVersion = 10.0.40219.1
Project("{FAE04EC0-301F-11D3-BF4B-00C04F79EFBC}") = "Back_prueba", "Back_prueba\Back_prueba.csproj", "{72E61B71-C097-4854-9A4A-B01104AE7D71}"
EndProject
Global
	GlobalSection(SolutionConfigurationPlatforms) = preSolution
		Debug|Any CPU = Debug|Any CPU
		Release|Any CPU = Release|Any CPU
	EndGlobalSection
	GlobalSection(ProjectConfigurationPlatforms) = postSolution
		{72E61B71-C097-4854-9A4A-B01104AE7D71}.Debug|Any CPU.ActiveCfg = Debug|Any CPU
		{72E61B71-C097-4854-9A4A-B01104AE7D71}.Debug|Any CPU.Build.0 = Debug|Any CPU
		{72E61B71-C097-4854-9A4A-B01104AE7D71}.Release|Any CPU.ActiveCfg = Release|Any CPU
		{72E61B71-C097-4854-9A4A-B01104AE7D71}.Release|Any CPU.Build.0 = Release|Any CPU
	EndGlobalSection
	GlobalSection(SolutionProperties) = preSolution
		HideSolutionNode = FALSE
	EndGlobalSection
	GlobalSection(ExtensibilityGlobals) = postSolution
		SolutionGuid = {A15F4F21-42D2-4419-A7EA-5577618E3B22}
	EndGlobalSection
EndGlobal
